
Microsoft Visual Studio Solution File, Format Version 12.00
# Visual Studio Version 17
VisualStudioVersion = 17.2.32630.192
MinimumVisualStudioVersion = 10.0.40219.1
Project("{9A19103F-16F7-4668-BE54-9A1E7A4F7556}") = "JustDoIt.WebApp", "JustDoIt.WebApp\JustDoIt.WebApp.csproj", "{C07CA464-236E-4098-87EE-F96CAB7333B2}"
EndProject
Project("{FAE04EC0-301F-11D3-BF4B-00C04F79EFBC}") = "JustDoIt.WebApp.Models", "JustDoIt.WebApp.Models\JustDoIt.WebApp.Models.csproj", "{B376311D-125C-420F-BA0F-68833ACB39FE}"
EndProject
Global
	GlobalSection(SolutionConfigurationPlatforms) = preSolution
		Debug|Any CPU = Debug|Any CPU
		Release|Any CPU = Release|Any CPU
	EndGlobalSection
	GlobalSection(ProjectConfigurationPlatforms) = postSolution
		{C07CA464-236E-4098-87EE-F96CAB7333B2}.Debug|Any CPU.ActiveCfg = Debug|Any CPU
		{C07CA464-236E-4098-87EE-F96CAB7333B2}.Debug|Any CPU.Build.0 = Debug|Any CPU
		{C07CA464-236E-4098-87EE-F96CAB7333B2}.Release|Any CPU.ActiveCfg = Release|Any CPU
		{C07CA464-236E-4098-87EE-F96CAB7333B2}.Release|Any CPU.Build.0 = Release|Any CPU
		{B376311D-125C-420F-BA0F-68833ACB39FE}.Debug|Any CPU.ActiveCfg = Debug|Any CPU
		{B376311D-125C-420F-BA0F-68833ACB39FE}.Debug|Any CPU.Build.0 = Debug|Any CPU
		{B376311D-125C-420F-BA0F-68833ACB39FE}.Release|Any CPU.ActiveCfg = Release|Any CPU
		{B376311D-125C-420F-BA0F-68833ACB39FE}.Release|Any CPU.Build.0 = Release|Any CPU
	EndGlobalSection
	GlobalSection(SolutionProperties) = preSolution
		HideSolutionNode = FALSE
	EndGlobalSection
	GlobalSection(ExtensibilityGlobals) = postSolution
		SolutionGuid = {A0DB115C-C43E-4CBE-A979-30589B51C677}
	EndGlobalSection
EndGlobal
